// !$*UTF8*$!
{
	archiveVersion = 1;
	classes = {
	};
	objectVersion = 56;
	objects = {

/* Begin PBXBuildFile section */
		F30471872AEB797100C9C807 /* SignInEmailVeiw.swift in Sources */ = {isa = PBXBuildFile; fileRef = F30471862AEB797100C9C807 /* SignInEmailVeiw.swift */; };
		F30471892AEB7A6D00C9C807 /* AuthenticationManager.swift in Sources */ = {isa = PBXBuildFile; fileRef = F30471882AEB7A6D00C9C807 /* AuthenticationManager.swift */; };
		F304718C2AEB86E900C9C807 /* RootVeiw.swift in Sources */ = {isa = PBXBuildFile; fileRef = F304718B2AEB86E900C9C807 /* RootVeiw.swift */; };
		F304718E2AEB8A9A00C9C807 /* SettingsView.swift in Sources */ = {isa = PBXBuildFile; fileRef = F304718D2AEB8A9A00C9C807 /* SettingsView.swift */; };
		F30471912AEB9AB400C9C807 /* GoogleSignIn in Frameworks */ = {isa = PBXBuildFile; productRef = F30471902AEB9AB400C9C807 /* GoogleSignIn */; };
		F30471932AEB9AB400C9C807 /* GoogleSignInSwift in Frameworks */ = {isa = PBXBuildFile; productRef = F30471922AEB9AB400C9C807 /* GoogleSignInSwift */; };
		F30471962AEB9C3B00C9C807 /* GoogleService-Info.plist in Resources */ = {isa = PBXBuildFile; fileRef = F30471952AEB9C3B00C9C807 /* GoogleService-Info.plist */; };
		F30471992AEBA14600C9C807 /* Utilities.swift in Sources */ = {isa = PBXBuildFile; fileRef = F30471982AEBA14600C9C807 /* Utilities.swift */; };
		F304719B2AEBAD5F00C9C807 /* SignInGoogleHelper.swift in Sources */ = {isa = PBXBuildFile; fileRef = F304719A2AEBAD5F00C9C807 /* SignInGoogleHelper.swift */; };
		F304719F2AEBC0AC00C9C807 /* FirebaseFirestore in Frameworks */ = {isa = PBXBuildFile; productRef = F304719E2AEBC0AC00C9C807 /* FirebaseFirestore */; };
		F30471A52AEBC17D00C9C807 /* SettingsViewModel.swift in Sources */ = {isa = PBXBuildFile; fileRef = F30471A42AEBC17D00C9C807 /* SettingsViewModel.swift */; };
		F30471A82AEBC1DC00C9C807 /* AuthenticationViewModel.swift in Sources */ = {isa = PBXBuildFile; fileRef = F30471A72AEBC1DC00C9C807 /* AuthenticationViewModel.swift */; };
		F30471AC2AEBC27900C9C807 /* ProfileView.swift in Sources */ = {isa = PBXBuildFile; fileRef = F30471AB2AEBC27900C9C807 /* ProfileView.swift */; };
		F30471B12AEBD4EF00C9C807 /* UserManager.swift in Sources */ = {isa = PBXBuildFile; fileRef = F30471B02AEBD4EF00C9C807 /* UserManager.swift */; };
		F30471B52AEBFDA600C9C807 /* CreateUserView.swift in Sources */ = {isa = PBXBuildFile; fileRef = F30471B42AEBFDA600C9C807 /* CreateUserView.swift */; };
		F30471B72AEC18BD00C9C807 /* ImageFileManager.swift in Sources */ = {isa = PBXBuildFile; fileRef = F30471B62AEC18BC00C9C807 /* ImageFileManager.swift */; };
		F30471B92AEC1CAB00C9C807 /* FirebaseStorage in Frameworks */ = {isa = PBXBuildFile; productRef = F30471B82AEC1CAB00C9C807 /* FirebaseStorage */; };
		F30471BB2AEC217100C9C807 /* CreateUserViewModel.swift in Sources */ = {isa = PBXBuildFile; fileRef = F30471BA2AEC217100C9C807 /* CreateUserViewModel.swift */; };
		F30471BE2AEC41AB00C9C807 /* SplashScreenView.swift in Sources */ = {isa = PBXBuildFile; fileRef = F30471BD2AEC41AB00C9C807 /* SplashScreenView.swift */; };
		F30471C32AEC6F5500C9C807 /* ChatRoomView.swift in Sources */ = {isa = PBXBuildFile; fileRef = F30471C22AEC6F5500C9C807 /* ChatRoomView.swift */; };
		F30471C62AEC7DC600C9C807 /* Lottie in Frameworks */ = {isa = PBXBuildFile; productRef = F30471C52AEC7DC600C9C807 /* Lottie */; };
		F30471CB2AEC7EC100C9C807 /* animation_lo98nnjq.json in Resources */ = {isa = PBXBuildFile; fileRef = F30471CA2AEC7EC100C9C807 /* animation_lo98nnjq.json */; };
		F30471CD2AEC7F1B00C9C807 /* Matching.json in Resources */ = {isa = PBXBuildFile; fileRef = F30471CC2AEC7F1B00C9C807 /* Matching.json */; };
		F30471CF2AEC821200C9C807 /* Searching.json in Resources */ = {isa = PBXBuildFile; fileRef = F30471CE2AEC821200C9C807 /* Searching.json */; };
		F30471D12AEC86D200C9C807 /* MatchingView.swift in Sources */ = {isa = PBXBuildFile; fileRef = F30471D02AEC86D200C9C807 /* MatchingView.swift */; };
		F30471D32AEC8E0F00C9C807 /* MatchingViewModel.swift in Sources */ = {isa = PBXBuildFile; fileRef = F30471D22AEC8E0F00C9C807 /* MatchingViewModel.swift */; };
		F30471DE2AEE4BB800C9C807 /* MatchingManager.swift in Sources */ = {isa = PBXBuildFile; fileRef = F30471DD2AEE4BB800C9C807 /* MatchingManager.swift */; };
		F30471E02AEEB68E00C9C807 /* Match.json in Resources */ = {isa = PBXBuildFile; fileRef = F30471DF2AEEB68E00C9C807 /* Match.json */; };
		F30471E22AEEC38D00C9C807 /* open.json in Resources */ = {isa = PBXBuildFile; fileRef = F30471E12AEEC38D00C9C807 /* open.json */; };
		F30471E42AEECABD00C9C807 /* ProfileViewModel.swift in Sources */ = {isa = PBXBuildFile; fileRef = F30471E32AEECABD00C9C807 /* ProfileViewModel.swift */; };
		F30471E72AEEE96D00C9C807 /* CoverProgressView.swift in Sources */ = {isa = PBXBuildFile; fileRef = F30471E62AEEE96D00C9C807 /* CoverProgressView.swift */; };
		F30471E92AEEFC1A00C9C807 /* ChatRoomViewModel.swift in Sources */ = {isa = PBXBuildFile; fileRef = F30471E82AEEFC1A00C9C807 /* ChatRoomViewModel.swift */; };
		F30471EB2AEEFC5F00C9C807 /* FirebaseDatabase in Frameworks */ = {isa = PBXBuildFile; productRef = F30471EA2AEEFC5F00C9C807 /* FirebaseDatabase */; };
		F30471ED2AEEFC5F00C9C807 /* FirebaseDatabaseSwift in Frameworks */ = {isa = PBXBuildFile; productRef = F30471EC2AEEFC5F00C9C807 /* FirebaseDatabaseSwift */; };
		F30471EF2AEF87FF00C9C807 /* Date.swift in Sources */ = {isa = PBXBuildFile; fileRef = F30471EE2AEF87FF00C9C807 /* Date.swift */; };
		F30471F12AF09F0E00C9C807 /* MassageEditor.swift in Sources */ = {isa = PBXBuildFile; fileRef = F30471F02AF09F0E00C9C807 /* MassageEditor.swift */; };
		F30471F32AF0A8D700C9C807 /* CameraView.swift in Sources */ = {isa = PBXBuildFile; fileRef = F30471F22AF0A8D700C9C807 /* CameraView.swift */; };
		F30471F52AF0A9EE00C9C807 /* ImagePickerView.swift in Sources */ = {isa = PBXBuildFile; fileRef = F30471F42AF0A9EE00C9C807 /* ImagePickerView.swift */; };
		F35A75B92AF23A92008C1406 /* CallKit.framework in Frameworks */ = {isa = PBXBuildFile; fileRef = F35A75B82AF23A92008C1406 /* CallKit.framework */; };
		F35A75BC2AF23C04008C1406 /* CallKitManager.swift in Sources */ = {isa = PBXBuildFile; fileRef = F35A75BB2AF23C04008C1406 /* CallKitManager.swift */; };
		F35A75BF2AF23D2C008C1406 /* CallButtonView.swift in Sources */ = {isa = PBXBuildFile; fileRef = F35A75BE2AF23D2C008C1406 /* CallButtonView.swift */; };
		F35A75C12AF23F02008C1406 /* CallView.swift in Sources */ = {isa = PBXBuildFile; fileRef = F35A75C02AF23F02008C1406 /* CallView.swift */; };
		F35A75C32AF23F73008C1406 /* IncomingCallView.swift in Sources */ = {isa = PBXBuildFile; fileRef = F35A75C22AF23F73008C1406 /* IncomingCallView.swift */; };
		F35A75C52AF240F5008C1406 /* CallRequestManager.swift in Sources */ = {isa = PBXBuildFile; fileRef = F35A75C42AF240F5008C1406 /* CallRequestManager.swift */; };
		F35A75C72AF249F5008C1406 /* ChatManager.swift in Sources */ = {isa = PBXBuildFile; fileRef = F35A75C62AF249F5008C1406 /* ChatManager.swift */; };
		F36665022AF0D6350036D700 /* FirebaseFirestoreSwift in Frameworks */ = {isa = PBXBuildFile; productRef = F36665012AF0D6350036D700 /* FirebaseFirestoreSwift */; };
		F368C80E2AF12C14004DF0BA /* LottieView.swift in Sources */ = {isa = PBXBuildFile; fileRef = F368C80D2AF12C14004DF0BA /* LottieView.swift */; };
		F368C8102AF12C60004DF0BA /* WattingView.swift in Sources */ = {isa = PBXBuildFile; fileRef = F368C80F2AF12C60004DF0BA /* WattingView.swift */; };
		F368C8122AF13581004DF0BA /* FriendManager.swift in Sources */ = {isa = PBXBuildFile; fileRef = F368C8112AF13581004DF0BA /* FriendManager.swift */; };
		F368C8152AF13931004DF0BA /* FriendsView.swift in Sources */ = {isa = PBXBuildFile; fileRef = F368C8142AF13931004DF0BA /* FriendsView.swift */; };
		F368C8172AF139A3004DF0BA /* FriendsViewModel.swift in Sources */ = {isa = PBXBuildFile; fileRef = F368C8162AF139A3004DF0BA /* FriendsViewModel.swift */; };
		F368C81A2AF20D3E004DF0BA /* TabbarView.swift in Sources */ = {isa = PBXBuildFile; fileRef = F368C8192AF20D3E004DF0BA /* TabbarView.swift */; };
		F384D5D92AEB717200B3BA00 /* ChatSampleApp.swift in Sources */ = {isa = PBXBuildFile; fileRef = F384D5D82AEB717200B3BA00 /* ChatSampleApp.swift */; };
		F384D5DB2AEB717200B3BA00 /* ContentView.swift in Sources */ = {isa = PBXBuildFile; fileRef = F384D5DA2AEB717200B3BA00 /* ContentView.swift */; };
		F384D5DD2AEB717300B3BA00 /* Assets.xcassets in Resources */ = {isa = PBXBuildFile; fileRef = F384D5DC2AEB717300B3BA00 /* Assets.xcassets */; };
		F384D5E02AEB717300B3BA00 /* Preview Assets.xcassets in Resources */ = {isa = PBXBuildFile; fileRef = F384D5DF2AEB717300B3BA00 /* Preview Assets.xcassets */; };
		F384D5EA2AEB721300B3BA00 /* FirebaseAnalytics in Frameworks */ = {isa = PBXBuildFile; productRef = F384D5E92AEB721300B3BA00 /* FirebaseAnalytics */; };
		F384D5EC2AEB721300B3BA00 /* FirebaseAnalyticsSwift in Frameworks */ = {isa = PBXBuildFile; productRef = F384D5EB2AEB721300B3BA00 /* FirebaseAnalyticsSwift */; };
		F384D5EF2AEB73BC00B3BA00 /* FirebaseAuth in Frameworks */ = {isa = PBXBuildFile; productRef = F384D5EE2AEB73BC00B3BA00 /* FirebaseAuth */; };
		F384D5F22AEB743600B3BA00 /* AuthenticationView.swift in Sources */ = {isa = PBXBuildFile; fileRef = F384D5F12AEB743600B3BA00 /* AuthenticationView.swift */; };
/* End PBXBuildFile section */

/* Begin PBXFileReference section */
		F30471862AEB797100C9C807 /* SignInEmailVeiw.swift */ = {isa = PBXFileReference; lastKnownFileType = sourcecode.swift; path = SignInEmailVeiw.swift; sourceTree = "<group>"; };
		F30471882AEB7A6D00C9C807 /* AuthenticationManager.swift */ = {isa = PBXFileReference; lastKnownFileType = sourcecode.swift; path = AuthenticationManager.swift; sourceTree = "<group>"; };
		F304718B2AEB86E900C9C807 /* RootVeiw.swift */ = {isa = PBXFileReference; lastKnownFileType = sourcecode.swift; path = RootVeiw.swift; sourceTree = "<group>"; };
		F304718D2AEB8A9A00C9C807 /* SettingsView.swift */ = {isa = PBXFileReference; lastKnownFileType = sourcecode.swift; path = SettingsView.swift; sourceTree = "<group>"; };
		F30471942AEB9B4200C9C807 /* Info.plist */ = {isa = PBXFileReference; lastKnownFileType = text.plist; path = Info.plist; sourceTree = "<group>"; };
		F30471952AEB9C3B00C9C807 /* GoogleService-Info.plist */ = {isa = PBXFileReference; fileEncoding = 4; lastKnownFileType = text.plist.xml; path = "GoogleService-Info.plist"; sourceTree = "<group>"; };
		F30471982AEBA14600C9C807 /* Utilities.swift */ = {isa = PBXFileReference; lastKnownFileType = sourcecode.swift; path = Utilities.swift; sourceTree = "<group>"; };
		F304719A2AEBAD5F00C9C807 /* SignInGoogleHelper.swift */ = {isa = PBXFileReference; lastKnownFileType = sourcecode.swift; path = SignInGoogleHelper.swift; sourceTree = "<group>"; };
		F30471A42AEBC17D00C9C807 /* SettingsViewModel.swift */ = {isa = PBXFileReference; lastKnownFileType = sourcecode.swift; path = SettingsViewModel.swift; sourceTree = "<group>"; };
		F30471A72AEBC1DC00C9C807 /* AuthenticationViewModel.swift */ = {isa = PBXFileReference; lastKnownFileType = sourcecode.swift; path = AuthenticationViewModel.swift; sourceTree = "<group>"; };
		F30471AB2AEBC27900C9C807 /* ProfileView.swift */ = {isa = PBXFileReference; lastKnownFileType = sourcecode.swift; path = ProfileView.swift; sourceTree = "<group>"; };
		F30471B02AEBD4EF00C9C807 /* UserManager.swift */ = {isa = PBXFileReference; lastKnownFileType = sourcecode.swift; path = UserManager.swift; sourceTree = "<group>"; };
		F30471B42AEBFDA600C9C807 /* CreateUserView.swift */ = {isa = PBXFileReference; lastKnownFileType = sourcecode.swift; path = CreateUserView.swift; sourceTree = "<group>"; };
		F30471B62AEC18BC00C9C807 /* ImageFileManager.swift */ = {isa = PBXFileReference; lastKnownFileType = sourcecode.swift; path = ImageFileManager.swift; sourceTree = "<group>"; };
		F30471BA2AEC217100C9C807 /* CreateUserViewModel.swift */ = {isa = PBXFileReference; lastKnownFileType = sourcecode.swift; path = CreateUserViewModel.swift; sourceTree = "<group>"; };
		F30471BD2AEC41AB00C9C807 /* SplashScreenView.swift */ = {isa = PBXFileReference; lastKnownFileType = sourcecode.swift; path = SplashScreenView.swift; sourceTree = "<group>"; };
		F30471C22AEC6F5500C9C807 /* ChatRoomView.swift */ = {isa = PBXFileReference; lastKnownFileType = sourcecode.swift; path = ChatRoomView.swift; sourceTree = "<group>"; };
		F30471CA2AEC7EC100C9C807 /* animation_lo98nnjq.json */ = {isa = PBXFileReference; fileEncoding = 4; lastKnownFileType = text.json; path = animation_lo98nnjq.json; sourceTree = "<group>"; };
		F30471CC2AEC7F1B00C9C807 /* Matching.json */ = {isa = PBXFileReference; fileEncoding = 4; lastKnownFileType = text.json; path = Matching.json; sourceTree = "<group>"; };
		F30471CE2AEC821200C9C807 /* Searching.json */ = {isa = PBXFileReference; fileEncoding = 4; lastKnownFileType = text.json; path = Searching.json; sourceTree = "<group>"; };
		F30471D02AEC86D200C9C807 /* MatchingView.swift */ = {isa = PBXFileReference; lastKnownFileType = sourcecode.swift; path = MatchingView.swift; sourceTree = "<group>"; };
		F30471D22AEC8E0F00C9C807 /* MatchingViewModel.swift */ = {isa = PBXFileReference; lastKnownFileType = sourcecode.swift; path = MatchingViewModel.swift; sourceTree = "<group>"; };
		F30471DD2AEE4BB800C9C807 /* MatchingManager.swift */ = {isa = PBXFileReference; lastKnownFileType = sourcecode.swift; path = MatchingManager.swift; sourceTree = "<group>"; };
		F30471DF2AEEB68E00C9C807 /* Match.json */ = {isa = PBXFileReference; fileEncoding = 4; lastKnownFileType = text.json; path = Match.json; sourceTree = "<group>"; };
		F30471E12AEEC38D00C9C807 /* open.json */ = {isa = PBXFileReference; fileEncoding = 4; lastKnownFileType = text.json; path = open.json; sourceTree = "<group>"; };
		F30471E32AEECABD00C9C807 /* ProfileViewModel.swift */ = {isa = PBXFileReference; lastKnownFileType = sourcecode.swift; path = ProfileViewModel.swift; sourceTree = "<group>"; };
		F30471E62AEEE96D00C9C807 /* CoverProgressView.swift */ = {isa = PBXFileReference; lastKnownFileType = sourcecode.swift; path = CoverProgressView.swift; sourceTree = "<group>"; };
		F30471E82AEEFC1A00C9C807 /* ChatRoomViewModel.swift */ = {isa = PBXFileReference; lastKnownFileType = sourcecode.swift; path = ChatRoomViewModel.swift; sourceTree = "<group>"; };
		F30471EE2AEF87FF00C9C807 /* Date.swift */ = {isa = PBXFileReference; lastKnownFileType = sourcecode.swift; path = Date.swift; sourceTree = "<group>"; };
		F30471F02AF09F0E00C9C807 /* MassageEditor.swift */ = {isa = PBXFileReference; lastKnownFileType = sourcecode.swift; path = MassageEditor.swift; sourceTree = "<group>"; };
		F30471F22AF0A8D700C9C807 /* CameraView.swift */ = {isa = PBXFileReference; lastKnownFileType = sourcecode.swift; path = CameraView.swift; sourceTree = "<group>"; };
		F30471F42AF0A9EE00C9C807 /* ImagePickerView.swift */ = {isa = PBXFileReference; lastKnownFileType = sourcecode.swift; path = ImagePickerView.swift; sourceTree = "<group>"; };
		F35A75B82AF23A92008C1406 /* CallKit.framework */ = {isa = PBXFileReference; lastKnownFileType = wrapper.framework; name = CallKit.framework; path = System/Library/Frameworks/CallKit.framework; sourceTree = SDKROOT; };
		F35A75BB2AF23C04008C1406 /* CallKitManager.swift */ = {isa = PBXFileReference; lastKnownFileType = sourcecode.swift; path = CallKitManager.swift; sourceTree = "<group>"; };
		F35A75BE2AF23D2C008C1406 /* CallButtonView.swift */ = {isa = PBXFileReference; lastKnownFileType = sourcecode.swift; path = CallButtonView.swift; sourceTree = "<group>"; };
		F35A75C02AF23F02008C1406 /* CallView.swift */ = {isa = PBXFileReference; lastKnownFileType = sourcecode.swift; path = CallView.swift; sourceTree = "<group>"; };
		F35A75C22AF23F73008C1406 /* IncomingCallView.swift */ = {isa = PBXFileReference; lastKnownFileType = sourcecode.swift; path = IncomingCallView.swift; sourceTree = "<group>"; };
		F35A75C42AF240F5008C1406 /* CallRequestManager.swift */ = {isa = PBXFileReference; lastKnownFileType = sourcecode.swift; path = CallRequestManager.swift; sourceTree = "<group>"; };
		F35A75C62AF249F5008C1406 /* ChatManager.swift */ = {isa = PBXFileReference; lastKnownFileType = sourcecode.swift; path = ChatManager.swift; sourceTree = "<group>"; };
		F368C80D2AF12C14004DF0BA /* LottieView.swift */ = {isa = PBXFileReference; lastKnownFileType = sourcecode.swift; path = LottieView.swift; sourceTree = "<group>"; };
		F368C80F2AF12C60004DF0BA /* WattingView.swift */ = {isa = PBXFileReference; lastKnownFileType = sourcecode.swift; path = WattingView.swift; sourceTree = "<group>"; };
		F368C8112AF13581004DF0BA /* FriendManager.swift */ = {isa = PBXFileReference; lastKnownFileType = sourcecode.swift; path = FriendManager.swift; sourceTree = "<group>"; };
		F368C8142AF13931004DF0BA /* FriendsView.swift */ = {isa = PBXFileReference; lastKnownFileType = sourcecode.swift; path = FriendsView.swift; sourceTree = "<group>"; };
		F368C8162AF139A3004DF0BA /* FriendsViewModel.swift */ = {isa = PBXFileReference; lastKnownFileType = sourcecode.swift; path = FriendsViewModel.swift; sourceTree = "<group>"; };
		F368C8192AF20D3E004DF0BA /* TabbarView.swift */ = {isa = PBXFileReference; lastKnownFileType = sourcecode.swift; path = TabbarView.swift; sourceTree = "<group>"; };
		F384D5D52AEB717200B3BA00 /* ChatSample.app */ = {isa = PBXFileReference; explicitFileType = wrapper.application; includeInIndex = 0; path = ChatSample.app; sourceTree = BUILT_PRODUCTS_DIR; };
		F384D5D82AEB717200B3BA00 /* ChatSampleApp.swift */ = {isa = PBXFileReference; lastKnownFileType = sourcecode.swift; path = ChatSampleApp.swift; sourceTree = "<group>"; };
		F384D5DA2AEB717200B3BA00 /* ContentView.swift */ = {isa = PBXFileReference; lastKnownFileType = sourcecode.swift; path = ContentView.swift; sourceTree = "<group>"; };
		F384D5DC2AEB717300B3BA00 /* Assets.xcassets */ = {isa = PBXFileReference; lastKnownFileType = folder.assetcatalog; path = Assets.xcassets; sourceTree = "<group>"; };
		F384D5DF2AEB717300B3BA00 /* Preview Assets.xcassets */ = {isa = PBXFileReference; lastKnownFileType = folder.assetcatalog; path = "Preview Assets.xcassets"; sourceTree = "<group>"; };
		F384D5F12AEB743600B3BA00 /* AuthenticationView.swift */ = {isa = PBXFileReference; lastKnownFileType = sourcecode.swift; path = AuthenticationView.swift; sourceTree = "<group>"; };
/* End PBXFileReference section */

/* Begin PBXFrameworksBuildPhase section */
		F384D5D22AEB717200B3BA00 /* Frameworks */ = {
			isa = PBXFrameworksBuildPhase;
			buildActionMask = 2147483647;
			files = (
				F30471EB2AEEFC5F00C9C807 /* FirebaseDatabase in Frameworks */,
				F30471932AEB9AB400C9C807 /* GoogleSignInSwift in Frameworks */,
				F384D5EC2AEB721300B3BA00 /* FirebaseAnalyticsSwift in Frameworks */,
				F30471C62AEC7DC600C9C807 /* Lottie in Frameworks */,
				F30471912AEB9AB400C9C807 /* GoogleSignIn in Frameworks */,
				F35A75B92AF23A92008C1406 /* CallKit.framework in Frameworks */,
				F36665022AF0D6350036D700 /* FirebaseFirestoreSwift in Frameworks */,
				F384D5EF2AEB73BC00B3BA00 /* FirebaseAuth in Frameworks */,
				F30471B92AEC1CAB00C9C807 /* FirebaseStorage in Frameworks */,
				F30471ED2AEEFC5F00C9C807 /* FirebaseDatabaseSwift in Frameworks */,
				F384D5EA2AEB721300B3BA00 /* FirebaseAnalytics in Frameworks */,
				F304719F2AEBC0AC00C9C807 /* FirebaseFirestore in Frameworks */,
			);
			runOnlyForDeploymentPostprocessing = 0;
		};
/* End PBXFrameworksBuildPhase section */

/* Begin PBXGroup section */
		F30471972AEBA11C00C9C807 /* Utilities */ = {
			isa = PBXGroup;
			children = (
				F30471982AEBA14600C9C807 /* Utilities.swift */,
				F30471EE2AEF87FF00C9C807 /* Date.swift */,
			);
			path = Utilities;
			sourceTree = "<group>";
		};
		F30471A22AEBC10600C9C807 /* Core */ = {
			isa = PBXGroup;
			children = (
				F304718B2AEB86E900C9C807 /* RootVeiw.swift */,
				F35A75BD2AF23D1B008C1406 /* Call */,
				F368C8182AF20D26004DF0BA /* Tabbar */,
				F30471BF2AEC6F2400C9C807 /* Chat */,
				F30471AA2AEBC25600C9C807 /* Profile */,
				F368C8132AF13906004DF0BA /* Friends */,
				F30471BC2AEC419600C9C807 /* SplashScreen */,
				F30471A62AEBC1B100C9C807 /* Authentication */,
				F30471A92AEBC1FB00C9C807 /* SubViews */,
				F30471E52AEEE94300C9C807 /* UtilComponents */,
			);
			path = Core;
			sourceTree = "<group>";
		};
		F30471A32AEBC15300C9C807 /* Settings */ = {
			isa = PBXGroup;
			children = (
				F304718D2AEB8A9A00C9C807 /* SettingsView.swift */,
				F30471A42AEBC17D00C9C807 /* SettingsViewModel.swift */,
			);
			path = Settings;
			sourceTree = "<group>";
		};
		F30471A62AEBC1B100C9C807 /* Authentication */ = {
			isa = PBXGroup;
			children = (
				F30471B32AEBFD8300C9C807 /* CreateUser */,
				F384D5F12AEB743600B3BA00 /* AuthenticationView.swift */,
				F30471A72AEBC1DC00C9C807 /* AuthenticationViewModel.swift */,
			);
			path = Authentication;
			sourceTree = "<group>";
		};
		F30471A92AEBC1FB00C9C807 /* SubViews */ = {
			isa = PBXGroup;
			children = (
				F30471862AEB797100C9C807 /* SignInEmailVeiw.swift */,
			);
			path = SubViews;
			sourceTree = "<group>";
		};
		F30471AA2AEBC25600C9C807 /* Profile */ = {
			isa = PBXGroup;
			children = (
				F30471A32AEBC15300C9C807 /* Settings */,
				F30471AB2AEBC27900C9C807 /* ProfileView.swift */,
				F30471E32AEECABD00C9C807 /* ProfileViewModel.swift */,
			);
			path = Profile;
			sourceTree = "<group>";
		};
		F30471AD2AEBCBBF00C9C807 /* FireStore */ = {
			isa = PBXGroup;
			children = (
				F30471B02AEBD4EF00C9C807 /* UserManager.swift */,
				F30471B62AEC18BC00C9C807 /* ImageFileManager.swift */,
				F30471DD2AEE4BB800C9C807 /* MatchingManager.swift */,
				F368C8112AF13581004DF0BA /* FriendManager.swift */,
				F35A75C42AF240F5008C1406 /* CallRequestManager.swift */,
				F35A75C62AF249F5008C1406 /* ChatManager.swift */,
			);
			path = FireStore;
			sourceTree = "<group>";
		};
		F30471B32AEBFD8300C9C807 /* CreateUser */ = {
			isa = PBXGroup;
			children = (
				F30471B42AEBFDA600C9C807 /* CreateUserView.swift */,
				F30471BA2AEC217100C9C807 /* CreateUserViewModel.swift */,
			);
			path = CreateUser;
			sourceTree = "<group>";
		};
		F30471BC2AEC419600C9C807 /* SplashScreen */ = {
			isa = PBXGroup;
			children = (
				F30471BD2AEC41AB00C9C807 /* SplashScreenView.swift */,
			);
			path = SplashScreen;
			sourceTree = "<group>";
		};
		F30471BF2AEC6F2400C9C807 /* Chat */ = {
			isa = PBXGroup;
			children = (
				F30471C12AEC6F3A00C9C807 /* ChatRoom */,
				F30471C02AEC6F3300C9C807 /* Marching */,
			);
			path = Chat;
			sourceTree = "<group>";
		};
		F30471C02AEC6F3300C9C807 /* Marching */ = {
			isa = PBXGroup;
			children = (
				F368C80F2AF12C60004DF0BA /* WattingView.swift */,
				F30471D02AEC86D200C9C807 /* MatchingView.swift */,
				F30471D22AEC8E0F00C9C807 /* MatchingViewModel.swift */,
			);
			path = Marching;
			sourceTree = "<group>";
		};
		F30471C12AEC6F3A00C9C807 /* ChatRoom */ = {
			isa = PBXGroup;
			children = (
				F30471C22AEC6F5500C9C807 /* ChatRoomView.swift */,
				F30471E82AEEFC1A00C9C807 /* ChatRoomViewModel.swift */,
			);
			path = ChatRoom;
			sourceTree = "<group>";
		};
		F30471C92AEC7EAB00C9C807 /* LottieFiles */ = {
			isa = PBXGroup;
			children = (
				F30471DF2AEEB68E00C9C807 /* Match.json */,
				F30471E12AEEC38D00C9C807 /* open.json */,
				F30471CE2AEC821200C9C807 /* Searching.json */,
				F30471CC2AEC7F1B00C9C807 /* Matching.json */,
				F30471CA2AEC7EC100C9C807 /* animation_lo98nnjq.json */,
			);
			path = LottieFiles;
			sourceTree = "<group>";
		};
		F30471D42AEC900900C9C807 /* Manager */ = {
			isa = PBXGroup;
			children = (
				F35A75BA2AF23BEF008C1406 /* CallKit */,
				F30471AD2AEBCBBF00C9C807 /* FireStore */,
				F384D5F02AEB740C00B3BA00 /* Authentication */,
			);
			path = Manager;
			sourceTree = "<group>";
		};
		F30471E52AEEE94300C9C807 /* UtilComponents */ = {
			isa = PBXGroup;
			children = (
				F30471E62AEEE96D00C9C807 /* CoverProgressView.swift */,
				F30471F02AF09F0E00C9C807 /* MassageEditor.swift */,
				F30471F22AF0A8D700C9C807 /* CameraView.swift */,
				F30471F42AF0A9EE00C9C807 /* ImagePickerView.swift */,
				F368C80D2AF12C14004DF0BA /* LottieView.swift */,
			);
			path = UtilComponents;
			sourceTree = "<group>";
		};
		F35A75BA2AF23BEF008C1406 /* CallKit */ = {
			isa = PBXGroup;
			children = (
				F35A75BB2AF23C04008C1406 /* CallKitManager.swift */,
			);
			path = CallKit;
			sourceTree = "<group>";
		};
		F35A75BD2AF23D1B008C1406 /* Call */ = {
			isa = PBXGroup;
			children = (
				F35A75BE2AF23D2C008C1406 /* CallButtonView.swift */,
				F35A75C02AF23F02008C1406 /* CallView.swift */,
				F35A75C22AF23F73008C1406 /* IncomingCallView.swift */,
			);
			path = Call;
			sourceTree = "<group>";
		};
		F368C8132AF13906004DF0BA /* Friends */ = {
			isa = PBXGroup;
			children = (
				F368C8142AF13931004DF0BA /* FriendsView.swift */,
				F368C8162AF139A3004DF0BA /* FriendsViewModel.swift */,
			);
			path = Friends;
			sourceTree = "<group>";
		};
		F368C8182AF20D26004DF0BA /* Tabbar */ = {
			isa = PBXGroup;
			children = (
				F368C8192AF20D3E004DF0BA /* TabbarView.swift */,
			);
			path = Tabbar;
			sourceTree = "<group>";
		};
		F384D5CC2AEB717200B3BA00 = {
			isa = PBXGroup;
			children = (
				F384D5D72AEB717200B3BA00 /* ChatSample */,
				F384D5D62AEB717200B3BA00 /* Products */,
				F384D5ED2AEB73BC00B3BA00 /* Frameworks */,
			);
			sourceTree = "<group>";
		};
		F384D5D62AEB717200B3BA00 /* Products */ = {
			isa = PBXGroup;
			children = (
				F384D5D52AEB717200B3BA00 /* ChatSample.app */,
			);
			name = Products;
			sourceTree = "<group>";
		};
		F384D5D72AEB717200B3BA00 /* ChatSample */ = {
			isa = PBXGroup;
			children = (
				F30471952AEB9C3B00C9C807 /* GoogleService-Info.plist */,
				F30471942AEB9B4200C9C807 /* Info.plist */,
				F384D5D82AEB717200B3BA00 /* ChatSampleApp.swift */,
				F384D5DA2AEB717200B3BA00 /* ContentView.swift */,
				F30471A22AEBC10600C9C807 /* Core */,
				F30471972AEBA11C00C9C807 /* Utilities */,
				F30471D42AEC900900C9C807 /* Manager */,
				F384D5DC2AEB717300B3BA00 /* Assets.xcassets */,
				F30471C92AEC7EAB00C9C807 /* LottieFiles */,
				F384D5DE2AEB717300B3BA00 /* Preview Content */,
			);
			path = ChatSample;
			sourceTree = "<group>";
		};
		F384D5DE2AEB717300B3BA00 /* Preview Content */ = {
			isa = PBXGroup;
			children = (
				F384D5DF2AEB717300B3BA00 /* Preview Assets.xcassets */,
			);
			path = "Preview Content";
			sourceTree = "<group>";
		};
		F384D5ED2AEB73BC00B3BA00 /* Frameworks */ = {
			isa = PBXGroup;
			children = (
				F35A75B82AF23A92008C1406 /* CallKit.framework */,
			);
			name = Frameworks;
			sourceTree = "<group>";
		};
		F384D5F02AEB740C00B3BA00 /* Authentication */ = {
			isa = PBXGroup;
			children = (
				F30471882AEB7A6D00C9C807 /* AuthenticationManager.swift */,
				F304719A2AEBAD5F00C9C807 /* SignInGoogleHelper.swift */,
			);
			path = Authentication;
			sourceTree = "<group>";
		};
/* End PBXGroup section */

/* Begin PBXNativeTarget section */
		F384D5D42AEB717200B3BA00 /* ChatSample */ = {
			isa = PBXNativeTarget;
			buildConfigurationList = F384D5E32AEB717300B3BA00 /* Build configuration list for PBXNativeTarget "ChatSample" */;
			buildPhases = (
				F384D5D12AEB717200B3BA00 /* Sources */,
				F384D5D22AEB717200B3BA00 /* Frameworks */,
				F384D5D32AEB717200B3BA00 /* Resources */,
			);
			buildRules = (
			);
			dependencies = (
			);
			name = ChatSample;
			packageProductDependencies = (
				F384D5E92AEB721300B3BA00 /* FirebaseAnalytics */,
				F384D5EB2AEB721300B3BA00 /* FirebaseAnalyticsSwift */,
				F384D5EE2AEB73BC00B3BA00 /* FirebaseAuth */,
				F30471902AEB9AB400C9C807 /* GoogleSignIn */,
				F30471922AEB9AB400C9C807 /* GoogleSignInSwift */,
				F304719E2AEBC0AC00C9C807 /* FirebaseFirestore */,
				F30471B82AEC1CAB00C9C807 /* FirebaseStorage */,
				F30471C52AEC7DC600C9C807 /* Lottie */,
				F30471EA2AEEFC5F00C9C807 /* FirebaseDatabase */,
				F30471EC2AEEFC5F00C9C807 /* FirebaseDatabaseSwift */,
				F36665012AF0D6350036D700 /* FirebaseFirestoreSwift */,
			);
			productName = ChatSample;
			productReference = F384D5D52AEB717200B3BA00 /* ChatSample.app */;
			productType = "com.apple.product-type.application";
		};
/* End PBXNativeTarget section */

/* Begin PBXProject section */
		F384D5CD2AEB717200B3BA00 /* Project object */ = {
			isa = PBXProject;
			attributes = {
				BuildIndependentTargetsInParallel = 1;
				LastSwiftUpdateCheck = 1430;
				LastUpgradeCheck = 1430;
				TargetAttributes = {
					F384D5D42AEB717200B3BA00 = {
						CreatedOnToolsVersion = 14.3;
					};
				};
			};
			buildConfigurationList = F384D5D02AEB717200B3BA00 /* Build configuration list for PBXProject "ChatSample" */;
			compatibilityVersion = "Xcode 14.0";
			developmentRegion = en;
			hasScannedForEncodings = 0;
			knownRegions = (
				en,
				Base,
			);
			mainGroup = F384D5CC2AEB717200B3BA00;
			packageReferences = (
				F384D5E82AEB721300B3BA00 /* XCRemoteSwiftPackageReference "firebase-ios-sdk" */,
				F304718F2AEB9AB400C9C807 /* XCRemoteSwiftPackageReference "GoogleSignIn-iOS" */,
				F30471C42AEC7DC600C9C807 /* XCRemoteSwiftPackageReference "lottie-ios" */,
				F368C80A2AF0E22D004DF0BA /* XCRemoteSwiftPackageReference "YPImagePicker" */,
			);
			productRefGroup = F384D5D62AEB717200B3BA00 /* Products */;
			projectDirPath = "";
			projectRoot = "";
			targets = (
				F384D5D42AEB717200B3BA00 /* ChatSample */,
			);
		};
/* End PBXProject section */

/* Begin PBXResourcesBuildPhase section */
		F384D5D32AEB717200B3BA00 /* Resources */ = {
			isa = PBXResourcesBuildPhase;
			buildActionMask = 2147483647;
			files = (
				F384D5E02AEB717300B3BA00 /* Preview Assets.xcassets in Resources */,
				F30471CB2AEC7EC100C9C807 /* animation_lo98nnjq.json in Resources */,
				F30471CF2AEC821200C9C807 /* Searching.json in Resources */,
				F30471E22AEEC38D00C9C807 /* open.json in Resources */,
				F384D5DD2AEB717300B3BA00 /* Assets.xcassets in Resources */,
				F30471CD2AEC7F1B00C9C807 /* Matching.json in Resources */,
				F30471962AEB9C3B00C9C807 /* GoogleService-Info.plist in Resources */,
				F30471E02AEEB68E00C9C807 /* Match.json in Resources */,
			);
			runOnlyForDeploymentPostprocessing = 0;
		};
/* End PBXResourcesBuildPhase section */

/* Begin PBXSourcesBuildPhase section */
		F384D5D12AEB717200B3BA00 /* Sources */ = {
			isa = PBXSourcesBuildPhase;
			buildActionMask = 2147483647;
			files = (
				F30471B72AEC18BD00C9C807 /* ImageFileManager.swift in Sources */,
				F368C8122AF13581004DF0BA /* FriendManager.swift in Sources */,
				F35A75C12AF23F02008C1406 /* CallView.swift in Sources */,
				F35A75BF2AF23D2C008C1406 /* CallButtonView.swift in Sources */,
				F35A75BC2AF23C04008C1406 /* CallKitManager.swift in Sources */,
				F30471E72AEEE96D00C9C807 /* CoverProgressView.swift in Sources */,
				F30471F12AF09F0E00C9C807 /* MassageEditor.swift in Sources */,
				F30471D32AEC8E0F00C9C807 /* MatchingViewModel.swift in Sources */,
				F30471F52AF0A9EE00C9C807 /* ImagePickerView.swift in Sources */,
				F30471A82AEBC1DC00C9C807 /* AuthenticationViewModel.swift in Sources */,
				F30471BE2AEC41AB00C9C807 /* SplashScreenView.swift in Sources */,
				F368C81A2AF20D3E004DF0BA /* TabbarView.swift in Sources */,
				F30471E92AEEFC1A00C9C807 /* ChatRoomViewModel.swift in Sources */,
				F30471B52AEBFDA600C9C807 /* CreateUserView.swift in Sources */,
				F35A75C32AF23F73008C1406 /* IncomingCallView.swift in Sources */,
				F35A75C72AF249F5008C1406 /* ChatManager.swift in Sources */,
				F30471BB2AEC217100C9C807 /* CreateUserViewModel.swift in Sources */,
				F30471D12AEC86D200C9C807 /* MatchingView.swift in Sources */,
				F368C8102AF12C60004DF0BA /* WattingView.swift in Sources */,
				F304718C2AEB86E900C9C807 /* RootVeiw.swift in Sources */,
				F384D5DB2AEB717200B3BA00 /* ContentView.swift in Sources */,
				F30471E42AEECABD00C9C807 /* ProfileViewModel.swift in Sources */,
				F30471F32AF0A8D700C9C807 /* CameraView.swift in Sources */,
				F30471B12AEBD4EF00C9C807 /* UserManager.swift in Sources */,
				F384D5D92AEB717200B3BA00 /* ChatSampleApp.swift in Sources */,
				F368C80E2AF12C14004DF0BA /* LottieView.swift in Sources */,
				F30471DE2AEE4BB800C9C807 /* MatchingManager.swift in Sources */,
				F30471AC2AEBC27900C9C807 /* ProfileView.swift in Sources */,
				F304718E2AEB8A9A00C9C807 /* SettingsView.swift in Sources */,
				F35A75C52AF240F5008C1406 /* CallRequestManager.swift in Sources */,
				F30471C32AEC6F5500C9C807 /* ChatRoomView.swift in Sources */,
				F304719B2AEBAD5F00C9C807 /* SignInGoogleHelper.swift in Sources */,
				F368C8152AF13931004DF0BA /* FriendsView.swift in Sources */,
				F384D5F22AEB743600B3BA00 /* AuthenticationView.swift in Sources */,
				F30471892AEB7A6D00C9C807 /* AuthenticationManager.swift in Sources */,
				F30471A52AEBC17D00C9C807 /* SettingsViewModel.swift in Sources */,
				F368C8172AF139A3004DF0BA /* FriendsViewModel.swift in Sources */,
				F30471992AEBA14600C9C807 /* Utilities.swift in Sources */,
				F30471EF2AEF87FF00C9C807 /* Date.swift in Sources */,
				F30471872AEB797100C9C807 /* SignInEmailVeiw.swift in Sources */,
			);
			runOnlyForDeploymentPostprocessing = 0;
		};
/* End PBXSourcesBuildPhase section */

/* Begin XCBuildConfiguration section */
		F384D5E12AEB717300B3BA00 /* Debug */ = {
			isa = XCBuildConfiguration;
			buildSettings = {
				ALWAYS_SEARCH_USER_PATHS = NO;
				CLANG_ANALYZER_NONNULL = YES;
				CLANG_ANALYZER_NUMBER_OBJECT_CONVERSION = YES_AGGRESSIVE;
				CLANG_CXX_LANGUAGE_STANDARD = "gnu++20";
				CLANG_ENABLE_MODULES = YES;
				CLANG_ENABLE_OBJC_ARC = YES;
				CLANG_ENABLE_OBJC_WEAK = YES;
				CLANG_WARN_BLOCK_CAPTURE_AUTORELEASING = YES;
				CLANG_WARN_BOOL_CONVERSION = YES;
				CLANG_WARN_COMMA = YES;
				CLANG_WARN_CONSTANT_CONVERSION = YES;
				CLANG_WARN_DEPRECATED_OBJC_IMPLEMENTATIONS = YES;
				CLANG_WARN_DIRECT_OBJC_ISA_USAGE = YES_ERROR;
				CLANG_WARN_DOCUMENTATION_COMMENTS = YES;
				CLANG_WARN_EMPTY_BODY = YES;
				CLANG_WARN_ENUM_CONVERSION = YES;
				CLANG_WARN_INFINITE_RECURSION = YES;
				CLANG_WARN_INT_CONVERSION = YES;
				CLANG_WARN_NON_LITERAL_NULL_CONVERSION = YES;
				CLANG_WARN_OBJC_IMPLICIT_RETAIN_SELF = YES;
				CLANG_WARN_OBJC_LITERAL_CONVERSION = YES;
				CLANG_WARN_OBJC_ROOT_CLASS = YES_ERROR;
				CLANG_WARN_QUOTED_INCLUDE_IN_FRAMEWORK_HEADER = YES;
				CLANG_WARN_RANGE_LOOP_ANALYSIS = YES;
				CLANG_WARN_STRICT_PROTOTYPES = YES;
				CLANG_WARN_SUSPICIOUS_MOVE = YES;
				CLANG_WARN_UNGUARDED_AVAILABILITY = YES_AGGRESSIVE;
				CLANG_WARN_UNREACHABLE_CODE = YES;
				CLANG_WARN__DUPLICATE_METHOD_MATCH = YES;
				COPY_PHASE_STRIP = NO;
				DEBUG_INFORMATION_FORMAT = dwarf;
				ENABLE_STRICT_OBJC_MSGSEND = YES;
				ENABLE_TESTABILITY = YES;
				GCC_C_LANGUAGE_STANDARD = gnu11;
				GCC_DYNAMIC_NO_PIC = NO;
				GCC_NO_COMMON_BLOCKS = YES;
				GCC_OPTIMIZATION_LEVEL = 0;
				GCC_PREPROCESSOR_DEFINITIONS = (
					"DEBUG=1",
					"$(inherited)",
				);
				GCC_WARN_64_TO_32_BIT_CONVERSION = YES;
				GCC_WARN_ABOUT_RETURN_TYPE = YES_ERROR;
				GCC_WARN_UNDECLARED_SELECTOR = YES;
				GCC_WARN_UNINITIALIZED_AUTOS = YES_AGGRESSIVE;
				GCC_WARN_UNUSED_FUNCTION = YES;
				GCC_WARN_UNUSED_VARIABLE = YES;
				IPHONEOS_DEPLOYMENT_TARGET = 16.4;
				MTL_ENABLE_DEBUG_INFO = INCLUDE_SOURCE;
				MTL_FAST_MATH = YES;
				ONLY_ACTIVE_ARCH = YES;
				SDKROOT = iphoneos;
				SWIFT_ACTIVE_COMPILATION_CONDITIONS = DEBUG;
				SWIFT_OPTIMIZATION_LEVEL = "-Onone";
			};
			name = Debug;
		};
		F384D5E22AEB717300B3BA00 /* Release */ = {
			isa = XCBuildConfiguration;
			buildSettings = {
				ALWAYS_SEARCH_USER_PATHS = NO;
				CLANG_ANALYZER_NONNULL = YES;
				CLANG_ANALYZER_NUMBER_OBJECT_CONVERSION = YES_AGGRESSIVE;
				CLANG_CXX_LANGUAGE_STANDARD = "gnu++20";
				CLANG_ENABLE_MODULES = YES;
				CLANG_ENABLE_OBJC_ARC = YES;
				CLANG_ENABLE_OBJC_WEAK = YES;
				CLANG_WARN_BLOCK_CAPTURE_AUTORELEASING = YES;
				CLANG_WARN_BOOL_CONVERSION = YES;
				CLANG_WARN_COMMA = YES;
				CLANG_WARN_CONSTANT_CONVERSION = YES;
				CLANG_WARN_DEPRECATED_OBJC_IMPLEMENTATIONS = YES;
				CLANG_WARN_DIRECT_OBJC_ISA_USAGE = YES_ERROR;
				CLANG_WARN_DOCUMENTATION_COMMENTS = YES;
				CLANG_WARN_EMPTY_BODY = YES;
				CLANG_WARN_ENUM_CONVERSION = YES;
				CLANG_WARN_INFINITE_RECURSION = YES;
				CLANG_WARN_INT_CONVERSION = YES;
				CLANG_WARN_NON_LITERAL_NULL_CONVERSION = YES;
				CLANG_WARN_OBJC_IMPLICIT_RETAIN_SELF = YES;
				CLANG_WARN_OBJC_LITERAL_CONVERSION = YES;
				CLANG_WARN_OBJC_ROOT_CLASS = YES_ERROR;
				CLANG_WARN_QUOTED_INCLUDE_IN_FRAMEWORK_HEADER = YES;
				CLANG_WARN_RANGE_LOOP_ANALYSIS = YES;
				CLANG_WARN_STRICT_PROTOTYPES = YES;
				CLANG_WARN_SUSPICIOUS_MOVE = YES;
				CLANG_WARN_UNGUARDED_AVAILABILITY = YES_AGGRESSIVE;
				CLANG_WARN_UNREACHABLE_CODE = YES;
				CLANG_WARN__DUPLICATE_METHOD_MATCH = YES;
				COPY_PHASE_STRIP = NO;
				DEBUG_INFORMATION_FORMAT = "dwarf-with-dsym";
				ENABLE_NS_ASSERTIONS = NO;
				ENABLE_STRICT_OBJC_MSGSEND = YES;
				GCC_C_LANGUAGE_STANDARD = gnu11;
				GCC_NO_COMMON_BLOCKS = YES;
				GCC_WARN_64_TO_32_BIT_CONVERSION = YES;
				GCC_WARN_ABOUT_RETURN_TYPE = YES_ERROR;
				GCC_WARN_UNDECLARED_SELECTOR = YES;
				GCC_WARN_UNINITIALIZED_AUTOS = YES_AGGRESSIVE;
				GCC_WARN_UNUSED_FUNCTION = YES;
				GCC_WARN_UNUSED_VARIABLE = YES;
				IPHONEOS_DEPLOYMENT_TARGET = 16.4;
				MTL_ENABLE_DEBUG_INFO = NO;
				MTL_FAST_MATH = YES;
				SDKROOT = iphoneos;
				SWIFT_COMPILATION_MODE = wholemodule;
				SWIFT_OPTIMIZATION_LEVEL = "-O";
				VALIDATE_PRODUCT = YES;
			};
			name = Release;
		};
		F384D5E42AEB717300B3BA00 /* Debug */ = {
			isa = XCBuildConfiguration;
			buildSettings = {
				ASSETCATALOG_COMPILER_APPICON_NAME = AppIcon;
				ASSETCATALOG_COMPILER_GLOBAL_ACCENT_COLOR_NAME = AccentColor;
				CODE_SIGN_STYLE = Automatic;
				CURRENT_PROJECT_VERSION = 1;
				DEVELOPMENT_ASSET_PATHS = "\"ChatSample/Preview Content\"";
				DEVELOPMENT_TEAM = 432C223LU4;
				ENABLE_PREVIEWS = YES;
				GENERATE_INFOPLIST_FILE = YES;
				INFOPLIST_FILE = ChatSample/Info.plist;
				INFOPLIST_KEY_NSCameraUsageDescription = "Permission is required to use the camera";
				INFOPLIST_KEY_UIApplicationSceneManifest_Generation = YES;
				INFOPLIST_KEY_UIApplicationSupportsIndirectInputEvents = YES;
				INFOPLIST_KEY_UILaunchScreen_Generation = YES;
				INFOPLIST_KEY_UISupportedInterfaceOrientations_iPad = "UIInterfaceOrientationPortrait UIInterfaceOrientationPortraitUpsideDown UIInterfaceOrientationLandscapeLeft UIInterfaceOrientationLandscapeRight";
				INFOPLIST_KEY_UISupportedInterfaceOrientations_iPhone = "UIInterfaceOrientationPortrait UIInterfaceOrientationLandscapeLeft UIInterfaceOrientationLandscapeRight";
				LD_RUNPATH_SEARCH_PATHS = (
					"$(inherited)",
					"@executable_path/Frameworks",
				);
				MARKETING_VERSION = 1.0;
				PRODUCT_BUNDLE_IDENTIFIER = com.sample.ChatSample;
				PRODUCT_NAME = "$(TARGET_NAME)";
				SWIFT_EMIT_LOC_STRINGS = YES;
				SWIFT_VERSION = 5.0;
				TARGETED_DEVICE_FAMILY = "1,2";
			};
			name = Debug;
		};
		F384D5E52AEB717300B3BA00 /* Release */ = {
			isa = XCBuildConfiguration;
			buildSettings = {
				ASSETCATALOG_COMPILER_APPICON_NAME = AppIcon;
				ASSETCATALOG_COMPILER_GLOBAL_ACCENT_COLOR_NAME = AccentColor;
				CODE_SIGN_STYLE = Automatic;
				CURRENT_PROJECT_VERSION = 1;
				DEVELOPMENT_ASSET_PATHS = "\"ChatSample/Preview Content\"";
				DEVELOPMENT_TEAM = 432C223LU4;
				ENABLE_PREVIEWS = YES;
				GENERATE_INFOPLIST_FILE = YES;
				INFOPLIST_FILE = ChatSample/Info.plist;
				INFOPLIST_KEY_NSCameraUsageDescription = "Permission is required to use the camera";
				INFOPLIST_KEY_UIApplicationSceneManifest_Generation = YES;
				INFOPLIST_KEY_UIApplicationSupportsIndirectInputEvents = YES;
				INFOPLIST_KEY_UILaunchScreen_Generation = YES;
				INFOPLIST_KEY_UISupportedInterfaceOrientations_iPad = "UIInterfaceOrientationPortrait UIInterfaceOrientationPortraitUpsideDown UIInterfaceOrientationLandscapeLeft UIInterfaceOrientationLandscapeRight";
				INFOPLIST_KEY_UISupportedInterfaceOrientations_iPhone = "UIInterfaceOrientationPortrait UIInterfaceOrientationLandscapeLeft UIInterfaceOrientationLandscapeRight";
				LD_RUNPATH_SEARCH_PATHS = (
					"$(inherited)",
					"@executable_path/Frameworks",
				);
				MARKETING_VERSION = 1.0;
				PRODUCT_BUNDLE_IDENTIFIER = com.sample.ChatSample;
				PRODUCT_NAME = "$(TARGET_NAME)";
				SWIFT_EMIT_LOC_STRINGS = YES;
				SWIFT_VERSION = 5.0;
				TARGETED_DEVICE_FAMILY = "1,2";
			};
			name = Release;
		};
/* End XCBuildConfiguration section */

/* Begin XCConfigurationList section */
		F384D5D02AEB717200B3BA00 /* Build configuration list for PBXProject "ChatSample" */ = {
			isa = XCConfigurationList;
			buildConfigurations = (
				F384D5E12AEB717300B3BA00 /* Debug */,
				F384D5E22AEB717300B3BA00 /* Release */,
			);
			defaultConfigurationIsVisible = 0;
			defaultConfigurationName = Release;
		};
		F384D5E32AEB717300B3BA00 /* Build configuration list for PBXNativeTarget "ChatSample" */ = {
			isa = XCConfigurationList;
			buildConfigurations = (
				F384D5E42AEB717300B3BA00 /* Debug */,
				F384D5E52AEB717300B3BA00 /* Release */,
			);
			defaultConfigurationIsVisible = 0;
			defaultConfigurationName = Release;
		};
/* End XCConfigurationList section */

/* Begin XCRemoteSwiftPackageReference section */
		F304718F2AEB9AB400C9C807 /* XCRemoteSwiftPackageReference "GoogleSignIn-iOS" */ = {
			isa = XCRemoteSwiftPackageReference;
			repositoryURL = "https://github.com/google/GoogleSignIn-iOS.git";
			requirement = {
				kind = upToNextMajorVersion;
				minimumVersion = 7.0.0;
			};
		};
		F30471C42AEC7DC600C9C807 /* XCRemoteSwiftPackageReference "lottie-ios" */ = {
			isa = XCRemoteSwiftPackageReference;
			repositoryURL = "https://github.com/airbnb/lottie-ios.git";
			requirement = {
				kind = upToNextMajorVersion;
				minimumVersion = 4.0.0;
			};
		};
		F368C80A2AF0E22D004DF0BA /* XCRemoteSwiftPackageReference "YPImagePicker" */ = {
			isa = XCRemoteSwiftPackageReference;
			repositoryURL = "https://github.com/Yummypets/YPImagePicker.git";
			requirement = {
				kind = upToNextMajorVersion;
				minimumVersion = 5.0.0;
			};
		};
		F384D5E82AEB721300B3BA00 /* XCRemoteSwiftPackageReference "firebase-ios-sdk" */ = {
			isa = XCRemoteSwiftPackageReference;
			repositoryURL = "https://github.com/firebase/firebase-ios-sdk";
			requirement = {
				kind = exactVersion;
				version = 10.16.0;
			};
		};
/* End XCRemoteSwiftPackageReference section */

/* Begin XCSwiftPackageProductDependency section */
		F30471902AEB9AB400C9C807 /* GoogleSignIn */ = {
			isa = XCSwiftPackageProductDependency;
			package = F304718F2AEB9AB400C9C807 /* XCRemoteSwiftPackageReference "GoogleSignIn-iOS" */;
			productName = GoogleSignIn;
		};
		F30471922AEB9AB400C9C807 /* GoogleSignInSwift */ = {
			isa = XCSwiftPackageProductDependency;
			package = F304718F2AEB9AB400C9C807 /* XCRemoteSwiftPackageReference "GoogleSignIn-iOS" */;
			productName = GoogleSignInSwift;
		};
		F304719E2AEBC0AC00C9C807 /* FirebaseFirestore */ = {
			isa = XCSwiftPackageProductDependency;
			package = F384D5E82AEB721300B3BA00 /* XCRemoteSwiftPackageReference "firebase-ios-sdk" */;
			productName = FirebaseFirestore;
		};
		F30471B82AEC1CAB00C9C807 /* FirebaseStorage */ = {
			isa = XCSwiftPackageProductDependency;
			package = F384D5E82AEB721300B3BA00 /* XCRemoteSwiftPackageReference "firebase-ios-sdk" */;
			productName = FirebaseStorage;
		};
		F30471C52AEC7DC600C9C807 /* Lottie */ = {
			isa = XCSwiftPackageProductDependency;
			package = F30471C42AEC7DC600C9C807 /* XCRemoteSwiftPackageReference "lottie-ios" */;
			productName = Lottie;
		};
		F30471EA2AEEFC5F00C9C807 /* FirebaseDatabase */ = {
			isa = XCSwiftPackageProductDependency;
			package = F384D5E82AEB721300B3BA00 /* XCRemoteSwiftPackageReference "firebase-ios-sdk" */;
			productName = FirebaseDatabase;
		};
		F30471EC2AEEFC5F00C9C807 /* FirebaseDatabaseSwift */ = {
			isa = XCSwiftPackageProductDependency;
			package = F384D5E82AEB721300B3BA00 /* XCRemoteSwiftPackageReference "firebase-ios-sdk" */;
			productName = FirebaseDatabaseSwift;
		};
		F36665012AF0D6350036D700 /* FirebaseFirestoreSwift */ = {
			isa = XCSwiftPackageProductDependency;
			package = F384D5E82AEB721300B3BA00 /* XCRemoteSwiftPackageReference "firebase-ios-sdk" */;
			productName = FirebaseFirestoreSwift;
		};
		F384D5E92AEB721300B3BA00 /* FirebaseAnalytics */ = {
			isa = XCSwiftPackageProductDependency;
			package = F384D5E82AEB721300B3BA00 /* XCRemoteSwiftPackageReference "firebase-ios-sdk" */;
			productName = FirebaseAnalytics;
		};
		F384D5EB2AEB721300B3BA00 /* FirebaseAnalyticsSwift */ = {
			isa = XCSwiftPackageProductDependency;
			package = F384D5E82AEB721300B3BA00 /* XCRemoteSwiftPackageReference "firebase-ios-sdk" */;
			productName = FirebaseAnalyticsSwift;
		};
		F384D5EE2AEB73BC00B3BA00 /* FirebaseAuth */ = {
			isa = XCSwiftPackageProductDependency;
			package = F384D5E82AEB721300B3BA00 /* XCRemoteSwiftPackageReference "firebase-ios-sdk" */;
			productName = FirebaseAuth;
		};
/* End XCSwiftPackageProductDependency section */
	};
	rootObject = F384D5CD2AEB717200B3BA00 /* Project object */;
}
