// !$*UTF8*$!
{
	archiveVersion = 1;
	classes = {
	};
	objectVersion = 56;
	objects = {

/* Begin PBXBuildFile section */
		F3AC08622AEA2D44007BA586 /* chattingApp.swift in Sources */ = {isa = PBXBuildFile; fileRef = F3AC08612AEA2D44007BA586 /* chattingApp.swift */; };
		F3AC08642AEA2D44007BA586 /* ContentView.swift in Sources */ = {isa = PBXBuildFile; fileRef = F3AC08632AEA2D44007BA586 /* ContentView.swift */; };
		F3AC08662AEA2D45007BA586 /* Assets.xcassets in Resources */ = {isa = PBXBuildFile; fileRef = F3AC08652AEA2D45007BA586 /* Assets.xcassets */; };
		F3AC08692AEA2D45007BA586 /* Preview Assets.xcassets in Resources */ = {isa = PBXBuildFile; fileRef = F3AC08682AEA2D45007BA586 /* Preview Assets.xcassets */; };
		F3AC08732AEA2D46007BA586 /* chattingTests.swift in Sources */ = {isa = PBXBuildFile; fileRef = F3AC08722AEA2D46007BA586 /* chattingTests.swift */; };
		F3AC087D2AEA2D46007BA586 /* chattingUITests.swift in Sources */ = {isa = PBXBuildFile; fileRef = F3AC087C2AEA2D46007BA586 /* chattingUITests.swift */; };
		F3AC087F2AEA2D46007BA586 /* chattingUITestsLaunchTests.swift in Sources */ = {isa = PBXBuildFile; fileRef = F3AC087E2AEA2D46007BA586 /* chattingUITestsLaunchTests.swift */; };
/* End PBXBuildFile section */

/* Begin PBXContainerItemProxy section */
		F3AC086F2AEA2D46007BA586 /* PBXContainerItemProxy */ = {
			isa = PBXContainerItemProxy;
			containerPortal = F3AC08562AEA2D44007BA586 /* Project object */;
			proxyType = 1;
			remoteGlobalIDString = F3AC085D2AEA2D44007BA586;
			remoteInfo = chatting;
		};
		F3AC08792AEA2D46007BA586 /* PBXContainerItemProxy */ = {
			isa = PBXContainerItemProxy;
			containerPortal = F3AC08562AEA2D44007BA586 /* Project object */;
			proxyType = 1;
			remoteGlobalIDString = F3AC085D2AEA2D44007BA586;
			remoteInfo = chatting;
		};
/* End PBXContainerItemProxy section */

/* Begin PBXFileReference section */
		F3AC085E2AEA2D44007BA586 /* chatting.app */ = {isa = PBXFileReference; explicitFileType = wrapper.application; includeInIndex = 0; path = chatting.app; sourceTree = BUILT_PRODUCTS_DIR; };
		F3AC08612AEA2D44007BA586 /* chattingApp.swift */ = {isa = PBXFileReference; lastKnownFileType = sourcecode.swift; path = chattingApp.swift; sourceTree = "<group>"; };
		F3AC08632AEA2D44007BA586 /* ContentView.swift */ = {isa = PBXFileReference; lastKnownFileType = sourcecode.swift; path = ContentView.swift; sourceTree = "<group>"; };
		F3AC08652AEA2D45007BA586 /* Assets.xcassets */ = {isa = PBXFileReference; lastKnownFileType = folder.assetcatalog; path = Assets.xcassets; sourceTree = "<group>"; };
		F3AC08682AEA2D45007BA586 /* Preview Assets.xcassets */ = {isa = PBXFileReference; lastKnownFileType = folder.assetcatalog; path = "Preview Assets.xcassets"; sourceTree = "<group>"; };
		F3AC086E2AEA2D46007BA586 /* chattingTests.xctest */ = {isa = PBXFileReference; explicitFileType = wrapper.cfbundle; includeInIndex = 0; path = chattingTests.xctest; sourceTree = BUILT_PRODUCTS_DIR; };
		F3AC08722AEA2D46007BA586 /* chattingTests.swift */ = {isa = PBXFileReference; lastKnownFileType = sourcecode.swift; path = chattingTests.swift; sourceTree = "<group>"; };
		F3AC08782AEA2D46007BA586 /* chattingUITests.xctest */ = {isa = PBXFileReference; explicitFileType = wrapper.cfbundle; includeInIndex = 0; path = chattingUITests.xctest; sourceTree = BUILT_PRODUCTS_DIR; };
		F3AC087C2AEA2D46007BA586 /* chattingUITests.swift */ = {isa = PBXFileReference; lastKnownFileType = sourcecode.swift; path = chattingUITests.swift; sourceTree = "<group>"; };
		F3AC087E2AEA2D46007BA586 /* chattingUITestsLaunchTests.swift */ = {isa = PBXFileReference; lastKnownFileType = sourcecode.swift; path = chattingUITestsLaunchTests.swift; sourceTree = "<group>"; };
/* End PBXFileReference section */

/* Begin PBXFrameworksBuildPhase section */
		F3AC085B2AEA2D44007BA586 /* Frameworks */ = {
			isa = PBXFrameworksBuildPhase;
			buildActionMask = 2147483647;
			files = (
			);
			runOnlyForDeploymentPostprocessing = 0;
		};
		F3AC086B2AEA2D46007BA586 /* Frameworks */ = {
			isa = PBXFrameworksBuildPhase;
			buildActionMask = 2147483647;
			files = (
			);
			runOnlyForDeploymentPostprocessing = 0;
		};
		F3AC08752AEA2D46007BA586 /* Frameworks */ = {
			isa = PBXFrameworksBuildPhase;
			buildActionMask = 2147483647;
			files = (
			);
			runOnlyForDeploymentPostprocessing = 0;
		};
/* End PBXFrameworksBuildPhase section */

/* Begin PBXGroup section */
		F3AC08552AEA2D44007BA586 = {
			isa = PBXGroup;
			children = (
				F3AC08602AEA2D44007BA586 /* chatting */,
				F3AC08712AEA2D46007BA586 /* chattingTests */,
				F3AC087B2AEA2D46007BA586 /* chattingUITests */,
				F3AC085F2AEA2D44007BA586 /* Products */,
			);
			sourceTree = "<group>";
		};
		F3AC085F2AEA2D44007BA586 /* Products */ = {
			isa = PBXGroup;
			children = (
				F3AC085E2AEA2D44007BA586 /* chatting.app */,
				F3AC086E2AEA2D46007BA586 /* chattingTests.xctest */,
				F3AC08782AEA2D46007BA586 /* chattingUITests.xctest */,
			);
			name = Products;
			sourceTree = "<group>";
		};
		F3AC08602AEA2D44007BA586 /* chatting */ = {
			isa = PBXGroup;
			children = (
				F3AC08612AEA2D44007BA586 /* chattingApp.swift */,
				F3AC08632AEA2D44007BA586 /* ContentView.swift */,
				F3AC08652AEA2D45007BA586 /* Assets.xcassets */,
				F3AC08672AEA2D45007BA586 /* Preview Content */,
			);
			path = chatting;
			sourceTree = "<group>";
		};
		F3AC08672AEA2D45007BA586 /* Preview Content */ = {
			isa = PBXGroup;
			children = (
				F3AC08682AEA2D45007BA586 /* Preview Assets.xcassets */,
			);
			path = "Preview Content";
			sourceTree = "<group>";
		};
		F3AC08712AEA2D46007BA586 /* chattingTests */ = {
			isa = PBXGroup;
			children = (
				F3AC08722AEA2D46007BA586 /* chattingTests.swift */,
			);
			path = chattingTests;
			sourceTree = "<group>";
		};
		F3AC087B2AEA2D46007BA586 /* chattingUITests */ = {
			isa = PBXGroup;
			children = (
				F3AC087C2AEA2D46007BA586 /* chattingUITests.swift */,
				F3AC087E2AEA2D46007BA586 /* chattingUITestsLaunchTests.swift */,
			);
			path = chattingUITests;
			sourceTree = "<group>";
		};
/* End PBXGroup section */

/* Begin PBXNativeTarget section */
		F3AC085D2AEA2D44007BA586 /* chatting */ = {
			isa = PBXNativeTarget;
			buildConfigurationList = F3AC08822AEA2D46007BA586 /* Build configuration list for PBXNativeTarget "chatting" */;
			buildPhases = (
				F3AC085A2AEA2D44007BA586 /* Sources */,
				F3AC085B2AEA2D44007BA586 /* Frameworks */,
				F3AC085C2AEA2D44007BA586 /* Resources */,
			);
			buildRules = (
			);
			dependencies = (
			);
			name = chatting;
			productName = chatting;
			productReference = F3AC085E2AEA2D44007BA586 /* chatting.app */;
			productType = "com.apple.product-type.application";
		};
		F3AC086D2AEA2D46007BA586 /* chattingTests */ = {
			isa = PBXNativeTarget;
			buildConfigurationList = F3AC08852AEA2D46007BA586 /* Build configuration list for PBXNativeTarget "chattingTests" */;
			buildPhases = (
				F3AC086A2AEA2D46007BA586 /* Sources */,
				F3AC086B2AEA2D46007BA586 /* Frameworks */,
				F3AC086C2AEA2D46007BA586 /* Resources */,
			);
			buildRules = (
			);
			dependencies = (
				F3AC08702AEA2D46007BA586 /* PBXTargetDependency */,
			);
			name = chattingTests;
			productName = chattingTests;
			productReference = F3AC086E2AEA2D46007BA586 /* chattingTests.xctest */;
			productType = "com.apple.product-type.bundle.unit-test";
		};
		F3AC08772AEA2D46007BA586 /* chattingUITests */ = {
			isa = PBXNativeTarget;
			buildConfigurationList = F3AC08882AEA2D46007BA586 /* Build configuration list for PBXNativeTarget "chattingUITests" */;
			buildPhases = (
				F3AC08742AEA2D46007BA586 /* Sources */,
				F3AC08752AEA2D46007BA586 /* Frameworks */,
				F3AC08762AEA2D46007BA586 /* Resources */,
			);
			buildRules = (
			);
			dependencies = (
				F3AC087A2AEA2D46007BA586 /* PBXTargetDependency */,
			);
			name = chattingUITests;
			productName = chattingUITests;
			productReference = F3AC08782AEA2D46007BA586 /* chattingUITests.xctest */;
			productType = "com.apple.product-type.bundle.ui-testing";
		};
/* End PBXNativeTarget section */

/* Begin PBXProject section */
		F3AC08562AEA2D44007BA586 /* Project object */ = {
			isa = PBXProject;
			attributes = {
				BuildIndependentTargetsInParallel = 1;
				LastSwiftUpdateCheck = 1430;
				LastUpgradeCheck = 1430;
				TargetAttributes = {
					F3AC085D2AEA2D44007BA586 = {
						CreatedOnToolsVersion = 14.3;
					};
					F3AC086D2AEA2D46007BA586 = {
						CreatedOnToolsVersion = 14.3;
						TestTargetID = F3AC085D2AEA2D44007BA586;
					};
					F3AC08772AEA2D46007BA586 = {
						CreatedOnToolsVersion = 14.3;
						TestTargetID = F3AC085D2AEA2D44007BA586;
					};
				};
			};
			buildConfigurationList = F3AC08592AEA2D44007BA586 /* Build configuration list for PBXProject "chatting" */;
			compatibilityVersion = "Xcode 14.0";
			developmentRegion = en;
			hasScannedForEncodings = 0;
			knownRegions = (
				en,
				Base,
			);
			mainGroup = F3AC08552AEA2D44007BA586;
			productRefGroup = F3AC085F2AEA2D44007BA586 /* Products */;
			projectDirPath = "";
			projectRoot = "";
			targets = (
				F3AC085D2AEA2D44007BA586 /* chatting */,
				F3AC086D2AEA2D46007BA586 /* chattingTests */,
				F3AC08772AEA2D46007BA586 /* chattingUITests */,
			);
		};
/* End PBXProject section */

/* Begin PBXResourcesBuildPhase section */
		F3AC085C2AEA2D44007BA586 /* Resources */ = {
			isa = PBXResourcesBuildPhase;
			buildActionMask = 2147483647;
			files = (
				F3AC08692AEA2D45007BA586 /* Preview Assets.xcassets in Resources */,
				F3AC08662AEA2D45007BA586 /* Assets.xcassets in Resources */,
			);
			runOnlyForDeploymentPostprocessing = 0;
		};
		F3AC086C2AEA2D46007BA586 /* Resources */ = {
			isa = PBXResourcesBuildPhase;
			buildActionMask = 2147483647;
			files = (
			);
			runOnlyForDeploymentPostprocessing = 0;
		};
		F3AC08762AEA2D46007BA586 /* Resources */ = {
			isa = PBXResourcesBuildPhase;
			buildActionMask = 2147483647;
			files = (
			);
			runOnlyForDeploymentPostprocessing = 0;
		};
/* End PBXResourcesBuildPhase section */

/* Begin PBXSourcesBuildPhase section */
		F3AC085A2AEA2D44007BA586 /* Sources */ = {
			isa = PBXSourcesBuildPhase;
			buildActionMask = 2147483647;
			files = (
				F3AC08642AEA2D44007BA586 /* ContentView.swift in Sources */,
				F3AC08622AEA2D44007BA586 /* chattingApp.swift in Sources */,
			);
			runOnlyForDeploymentPostprocessing = 0;
		};
		F3AC086A2AEA2D46007BA586 /* Sources */ = {
			isa = PBXSourcesBuildPhase;
			buildActionMask = 2147483647;
			files = (
				F3AC08732AEA2D46007BA586 /* chattingTests.swift in Sources */,
			);
			runOnlyForDeploymentPostprocessing = 0;
		};
		F3AC08742AEA2D46007BA586 /* Sources */ = {
			isa = PBXSourcesBuildPhase;
			buildActionMask = 2147483647;
			files = (
				F3AC087F2AEA2D46007BA586 /* chattingUITestsLaunchTests.swift in Sources */,
				F3AC087D2AEA2D46007BA586 /* chattingUITests.swift in Sources */,
			);
			runOnlyForDeploymentPostprocessing = 0;
		};
/* End PBXSourcesBuildPhase section */

/* Begin PBXTargetDependency section */
		F3AC08702AEA2D46007BA586 /* PBXTargetDependency */ = {
			isa = PBXTargetDependency;
			target = F3AC085D2AEA2D44007BA586 /* chatting */;
			targetProxy = F3AC086F2AEA2D46007BA586 /* PBXContainerItemProxy */;
		};
		F3AC087A2AEA2D46007BA586 /* PBXTargetDependency */ = {
			isa = PBXTargetDependency;
			target = F3AC085D2AEA2D44007BA586 /* chatting */;
			targetProxy = F3AC08792AEA2D46007BA586 /* PBXContainerItemProxy */;
		};
/* End PBXTargetDependency section */

/* Begin XCBuildConfiguration section */
		F3AC08802AEA2D46007BA586 /* Debug */ = {
			isa = XCBuildConfiguration;
			buildSettings = {
				ALWAYS_SEARCH_USER_PATHS = NO;
				CLANG_ANALYZER_NONNULL = YES;
				CLANG_ANALYZER_NUMBER_OBJECT_CONVERSION = YES_AGGRESSIVE;
				CLANG_CXX_LANGUAGE_STANDARD = "gnu++20";
				CLANG_ENABLE_MODULES = YES;
				CLANG_ENABLE_OBJC_ARC = YES;
				CLANG_ENABLE_OBJC_WEAK = YES;
				CLANG_WARN_BLOCK_CAPTURE_AUTORELEASING = YES;
				CLANG_WARN_BOOL_CONVERSION = YES;
				CLANG_WARN_COMMA = YES;
				CLANG_WARN_CONSTANT_CONVERSION = YES;
				CLANG_WARN_DEPRECATED_OBJC_IMPLEMENTATIONS = YES;
				CLANG_WARN_DIRECT_OBJC_ISA_USAGE = YES_ERROR;
				CLANG_WARN_DOCUMENTATION_COMMENTS = YES;
				CLANG_WARN_EMPTY_BODY = YES;
				CLANG_WARN_ENUM_CONVERSION = YES;
				CLANG_WARN_INFINITE_RECURSION = YES;
				CLANG_WARN_INT_CONVERSION = YES;
				CLANG_WARN_NON_LITERAL_NULL_CONVERSION = YES;
				CLANG_WARN_OBJC_IMPLICIT_RETAIN_SELF = YES;
				CLANG_WARN_OBJC_LITERAL_CONVERSION = YES;
				CLANG_WARN_OBJC_ROOT_CLASS = YES_ERROR;
				CLANG_WARN_QUOTED_INCLUDE_IN_FRAMEWORK_HEADER = YES;
				CLANG_WARN_RANGE_LOOP_ANALYSIS = YES;
				CLANG_WARN_STRICT_PROTOTYPES = YES;
				CLANG_WARN_SUSPICIOUS_MOVE = YES;
				CLANG_WARN_UNGUARDED_AVAILABILITY = YES_AGGRESSIVE;
				CLANG_WARN_UNREACHABLE_CODE = YES;
				CLANG_WARN__DUPLICATE_METHOD_MATCH = YES;
				COPY_PHASE_STRIP = NO;
				DEBUG_INFORMATION_FORMAT = dwarf;
				ENABLE_STRICT_OBJC_MSGSEND = YES;
				ENABLE_TESTABILITY = YES;
				GCC_C_LANGUAGE_STANDARD = gnu11;
				GCC_DYNAMIC_NO_PIC = NO;
				GCC_NO_COMMON_BLOCKS = YES;
				GCC_OPTIMIZATION_LEVEL = 0;
				GCC_PREPROCESSOR_DEFINITIONS = (
					"DEBUG=1",
					"$(inherited)",
				);
				GCC_WARN_64_TO_32_BIT_CONVERSION = YES;
				GCC_WARN_ABOUT_RETURN_TYPE = YES_ERROR;
				GCC_WARN_UNDECLARED_SELECTOR = YES;
				GCC_WARN_UNINITIALIZED_AUTOS = YES_AGGRESSIVE;
				GCC_WARN_UNUSED_FUNCTION = YES;
				GCC_WARN_UNUSED_VARIABLE = YES;
				IPHONEOS_DEPLOYMENT_TARGET = 16.4;
				MTL_ENABLE_DEBUG_INFO = INCLUDE_SOURCE;
				MTL_FAST_MATH = YES;
				ONLY_ACTIVE_ARCH = YES;
				SDKROOT = iphoneos;
				SWIFT_ACTIVE_COMPILATION_CONDITIONS = DEBUG;
				SWIFT_OPTIMIZATION_LEVEL = "-Onone";
			};
			name = Debug;
		};
		F3AC08812AEA2D46007BA586 /* Release */ = {
			isa = XCBuildConfiguration;
			buildSettings = {
				ALWAYS_SEARCH_USER_PATHS = NO;
				CLANG_ANALYZER_NONNULL = YES;
				CLANG_ANALYZER_NUMBER_OBJECT_CONVERSION = YES_AGGRESSIVE;
				CLANG_CXX_LANGUAGE_STANDARD = "gnu++20";
				CLANG_ENABLE_MODULES = YES;
				CLANG_ENABLE_OBJC_ARC = YES;
				CLANG_ENABLE_OBJC_WEAK = YES;
				CLANG_WARN_BLOCK_CAPTURE_AUTORELEASING = YES;
				CLANG_WARN_BOOL_CONVERSION = YES;
				CLANG_WARN_COMMA = YES;
				CLANG_WARN_CONSTANT_CONVERSION = YES;
				CLANG_WARN_DEPRECATED_OBJC_IMPLEMENTATIONS = YES;
				CLANG_WARN_DIRECT_OBJC_ISA_USAGE = YES_ERROR;
				CLANG_WARN_DOCUMENTATION_COMMENTS = YES;
				CLANG_WARN_EMPTY_BODY = YES;
				CLANG_WARN_ENUM_CONVERSION = YES;
				CLANG_WARN_INFINITE_RECURSION = YES;
				CLANG_WARN_INT_CONVERSION = YES;
				CLANG_WARN_NON_LITERAL_NULL_CONVERSION = YES;
				CLANG_WARN_OBJC_IMPLICIT_RETAIN_SELF = YES;
				CLANG_WARN_OBJC_LITERAL_CONVERSION = YES;
				CLANG_WARN_OBJC_ROOT_CLASS = YES_ERROR;
				CLANG_WARN_QUOTED_INCLUDE_IN_FRAMEWORK_HEADER = YES;
				CLANG_WARN_RANGE_LOOP_ANALYSIS = YES;
				CLANG_WARN_STRICT_PROTOTYPES = YES;
				CLANG_WARN_SUSPICIOUS_MOVE = YES;
				CLANG_WARN_UNGUARDED_AVAILABILITY = YES_AGGRESSIVE;
				CLANG_WARN_UNREACHABLE_CODE = YES;
				CLANG_WARN__DUPLICATE_METHOD_MATCH = YES;
				COPY_PHASE_STRIP = NO;
				DEBUG_INFORMATION_FORMAT = "dwarf-with-dsym";
				ENABLE_NS_ASSERTIONS = NO;
				ENABLE_STRICT_OBJC_MSGSEND = YES;
				GCC_C_LANGUAGE_STANDARD = gnu11;
				GCC_NO_COMMON_BLOCKS = YES;
				GCC_WARN_64_TO_32_BIT_CONVERSION = YES;
				GCC_WARN_ABOUT_RETURN_TYPE = YES_ERROR;
				GCC_WARN_UNDECLARED_SELECTOR = YES;
				GCC_WARN_UNINITIALIZED_AUTOS = YES_AGGRESSIVE;
				GCC_WARN_UNUSED_FUNCTION = YES;
				GCC_WARN_UNUSED_VARIABLE = YES;
				IPHONEOS_DEPLOYMENT_TARGET = 16.4;
				MTL_ENABLE_DEBUG_INFO = NO;
				MTL_FAST_MATH = YES;
				SDKROOT = iphoneos;
				SWIFT_COMPILATION_MODE = wholemodule;
				SWIFT_OPTIMIZATION_LEVEL = "-O";
				VALIDATE_PRODUCT = YES;
			};
			name = Release;
		};
		F3AC08832AEA2D46007BA586 /* Debug */ = {
			isa = XCBuildConfiguration;
			buildSettings = {
				ASSETCATALOG_COMPILER_APPICON_NAME = AppIcon;
				ASSETCATALOG_COMPILER_GLOBAL_ACCENT_COLOR_NAME = AccentColor;
				CODE_SIGN_STYLE = Automatic;
				CURRENT_PROJECT_VERSION = 1;
				DEVELOPMENT_ASSET_PATHS = "\"chatting/Preview Content\"";
				ENABLE_PREVIEWS = YES;
				GENERATE_INFOPLIST_FILE = YES;
				INFOPLIST_KEY_UIApplicationSceneManifest_Generation = YES;
				INFOPLIST_KEY_UIApplicationSupportsIndirectInputEvents = YES;
				INFOPLIST_KEY_UILaunchScreen_Generation = YES;
				INFOPLIST_KEY_UISupportedInterfaceOrientations_iPad = "UIInterfaceOrientationPortrait UIInterfaceOrientationPortraitUpsideDown UIInterfaceOrientationLandscapeLeft UIInterfaceOrientationLandscapeRight";
				INFOPLIST_KEY_UISupportedInterfaceOrientations_iPhone = "UIInterfaceOrientationPortrait UIInterfaceOrientationLandscapeLeft UIInterfaceOrientationLandscapeRight";
				LD_RUNPATH_SEARCH_PATHS = (
					"$(inherited)",
					"@executable_path/Frameworks",
				);
				MARKETING_VERSION = 1.0;
				PRODUCT_BUNDLE_IDENTIFIER = com.sample.chatting;
				PRODUCT_NAME = "$(TARGET_NAME)";
				SWIFT_EMIT_LOC_STRINGS = YES;
				SWIFT_VERSION = 5.0;
				TARGETED_DEVICE_FAMILY = "1,2";
			};
			name = Debug;
		};
		F3AC08842AEA2D46007BA586 /* Release */ = {
			isa = XCBuildConfiguration;
			buildSettings = {
				ASSETCATALOG_COMPILER_APPICON_NAME = AppIcon;
				ASSETCATALOG_COMPILER_GLOBAL_ACCENT_COLOR_NAME = AccentColor;
				CODE_SIGN_STYLE = Automatic;
				CURRENT_PROJECT_VERSION = 1;
				DEVELOPMENT_ASSET_PATHS = "\"chatting/Preview Content\"";
				ENABLE_PREVIEWS = YES;
				GENERATE_INFOPLIST_FILE = YES;
				INFOPLIST_KEY_UIApplicationSceneManifest_Generation = YES;
				INFOPLIST_KEY_UIApplicationSupportsIndirectInputEvents = YES;
				INFOPLIST_KEY_UILaunchScreen_Generation = YES;
				INFOPLIST_KEY_UISupportedInterfaceOrientations_iPad = "UIInterfaceOrientationPortrait UIInterfaceOrientationPortraitUpsideDown UIInterfaceOrientationLandscapeLeft UIInterfaceOrientationLandscapeRight";
				INFOPLIST_KEY_UISupportedInterfaceOrientations_iPhone = "UIInterfaceOrientationPortrait UIInterfaceOrientationLandscapeLeft UIInterfaceOrientationLandscapeRight";
				LD_RUNPATH_SEARCH_PATHS = (
					"$(inherited)",
					"@executable_path/Frameworks",
				);
				MARKETING_VERSION = 1.0;
				PRODUCT_BUNDLE_IDENTIFIER = com.sample.chatting;
				PRODUCT_NAME = "$(TARGET_NAME)";
				SWIFT_EMIT_LOC_STRINGS = YES;
				SWIFT_VERSION = 5.0;
				TARGETED_DEVICE_FAMILY = "1,2";
			};
			name = Release;
		};
		F3AC08862AEA2D46007BA586 /* Debug */ = {
			isa = XCBuildConfiguration;
			buildSettings = {
				ALWAYS_EMBED_SWIFT_STANDARD_LIBRARIES = YES;
				BUNDLE_LOADER = "$(TEST_HOST)";
				CODE_SIGN_STYLE = Automatic;
				CURRENT_PROJECT_VERSION = 1;
				GENERATE_INFOPLIST_FILE = YES;
				IPHONEOS_DEPLOYMENT_TARGET = 16.4;
				MARKETING_VERSION = 1.0;
				PRODUCT_BUNDLE_IDENTIFIER = com.sample.chattingTests;
				PRODUCT_NAME = "$(TARGET_NAME)";
				SWIFT_EMIT_LOC_STRINGS = NO;
				SWIFT_VERSION = 5.0;
				TARGETED_DEVICE_FAMILY = "1,2";
				TEST_HOST = "$(BUILT_PRODUCTS_DIR)/chatting.app/$(BUNDLE_EXECUTABLE_FOLDER_PATH)/chatting";
			};
			name = Debug;
		};
		F3AC08872AEA2D46007BA586 /* Release */ = {
			isa = XCBuildConfiguration;
			buildSettings = {
				ALWAYS_EMBED_SWIFT_STANDARD_LIBRARIES = YES;
				BUNDLE_LOADER = "$(TEST_HOST)";
				CODE_SIGN_STYLE = Automatic;
				CURRENT_PROJECT_VERSION = 1;
				GENERATE_INFOPLIST_FILE = YES;
				IPHONEOS_DEPLOYMENT_TARGET = 16.4;
				MARKETING_VERSION = 1.0;
				PRODUCT_BUNDLE_IDENTIFIER = com.sample.chattingTests;
				PRODUCT_NAME = "$(TARGET_NAME)";
				SWIFT_EMIT_LOC_STRINGS = NO;
				SWIFT_VERSION = 5.0;
				TARGETED_DEVICE_FAMILY = "1,2";
				TEST_HOST = "$(BUILT_PRODUCTS_DIR)/chatting.app/$(BUNDLE_EXECUTABLE_FOLDER_PATH)/chatting";
			};
			name = Release;
		};
		F3AC08892AEA2D46007BA586 /* Debug */ = {
			isa = XCBuildConfiguration;
			buildSettings = {
				ALWAYS_EMBED_SWIFT_STANDARD_LIBRARIES = YES;
				CODE_SIGN_STYLE = Automatic;
				CURRENT_PROJECT_VERSION = 1;
				GENERATE_INFOPLIST_FILE = YES;
				MARKETING_VERSION = 1.0;
				PRODUCT_BUNDLE_IDENTIFIER = com.sample.chattingUITests;
				PRODUCT_NAME = "$(TARGET_NAME)";
				SWIFT_EMIT_LOC_STRINGS = NO;
				SWIFT_VERSION = 5.0;
				TARGETED_DEVICE_FAMILY = "1,2";
				TEST_TARGET_NAME = chatting;
			};
			name = Debug;
		};
		F3AC088A2AEA2D46007BA586 /* Release */ = {
			isa = XCBuildConfiguration;
			buildSettings = {
				ALWAYS_EMBED_SWIFT_STANDARD_LIBRARIES = YES;
				CODE_SIGN_STYLE = Automatic;
				CURRENT_PROJECT_VERSION = 1;
				GENERATE_INFOPLIST_FILE = YES;
				MARKETING_VERSION = 1.0;
				PRODUCT_BUNDLE_IDENTIFIER = com.sample.chattingUITests;
				PRODUCT_NAME = "$(TARGET_NAME)";
				SWIFT_EMIT_LOC_STRINGS = NO;
				SWIFT_VERSION = 5.0;
				TARGETED_DEVICE_FAMILY = "1,2";
				TEST_TARGET_NAME = chatting;
			};
			name = Release;
		};
/* End XCBuildConfiguration section */

/* Begin XCConfigurationList section */
		F3AC08592AEA2D44007BA586 /* Build configuration list for PBXProject "chatting" */ = {
			isa = XCConfigurationList;
			buildConfigurations = (
				F3AC08802AEA2D46007BA586 /* Debug */,
				F3AC08812AEA2D46007BA586 /* Release */,
			);
			defaultConfigurationIsVisible = 0;
			defaultConfigurationName = Release;
		};
		F3AC08822AEA2D46007BA586 /* Build configuration list for PBXNativeTarget "chatting" */ = {
			isa = XCConfigurationList;
			buildConfigurations = (
				F3AC08832AEA2D46007BA586 /* Debug */,
				F3AC08842AEA2D46007BA586 /* Release */,
			);
			defaultConfigurationIsVisible = 0;
			defaultConfigurationName = Release;
		};
		F3AC08852AEA2D46007BA586 /* Build configuration list for PBXNativeTarget "chattingTests" */ = {
			isa = XCConfigurationList;
			buildConfigurations = (
				F3AC08862AEA2D46007BA586 /* Debug */,
				F3AC08872AEA2D46007BA586 /* Release */,
			);
			defaultConfigurationIsVisible = 0;
			defaultConfigurationName = Release;
		};
		F3AC08882AEA2D46007BA586 /* Build configuration list for PBXNativeTarget "chattingUITests" */ = {
			isa = XCConfigurationList;
			buildConfigurations = (
				F3AC08892AEA2D46007BA586 /* Debug */,
				F3AC088A2AEA2D46007BA586 /* Release */,
			);
			defaultConfigurationIsVisible = 0;
			defaultConfigurationName = Release;
		};
/* End XCConfigurationList section */
	};
	rootObject = F3AC08562AEA2D44007BA586 /* Project object */;
}
